
Microsoft Visual Studio Solution File, Format Version 12.00
# Visual Studio Version 17
VisualStudioVersion = 17.13.35913.81 d17.13
MinimumVisualStudioVersion = 10.0.40219.1
Project("{FAE04EC0-301F-11D3-BF4B-00C04F79EFBC}") = "StudentManagementApp", "StudentManagementApp\StudentManagementApp.csproj", "{6DF98D6D-9C0A-4F03-8817-FE1559EAAE30}"
EndProject
Global
	GlobalSection(SolutionConfigurationPlatforms) = preSolution
		Debug|Any CPU = Debug|Any CPU
		Release|Any CPU = Release|Any CPU
	EndGlobalSection
	GlobalSection(ProjectConfigurationPlatforms) = postSolution
		{6DF98D6D-9C0A-4F03-8817-FE1559EAAE30}.Debug|Any CPU.ActiveCfg = Debug|Any CPU
		{6DF98D6D-9C0A-4F03-8817-FE1559EAAE30}.Debug|Any CPU.Build.0 = Debug|Any CPU
		{6DF98D6D-9C0A-4F03-8817-FE1559EAAE30}.Release|Any CPU.ActiveCfg = Release|Any CPU
		{6DF98D6D-9C0A-4F03-8817-FE1559EAAE30}.Release|Any CPU.Build.0 = Release|Any CPU
	EndGlobalSection
	GlobalSection(SolutionProperties) = preSolution
		HideSolutionNode = FALSE
	EndGlobalSection
	GlobalSection(ExtensibilityGlobals) = postSolution
		SolutionGuid = {BA0B16E0-5729-4B23-9467-7A56300FCA2F}
	EndGlobalSection
EndGlobal
